github.com/andybalholm/brotli v1.0.4 h1:V7DdXeJtZscaqfNuAdSRuRFzuiKlHSC/Zh3zl9qY3JY=
github.com/andybalholm/brotli v1.0.4/go.mod h1:fO7iG3H7G2nSZ7m0zPUDn85XEX2GTukHGRSepvi9Eig=
github.com/go-python/gopy v0.4.6 h1:iI4H8gd3Dm0n10VFZ1dwqnGl6y+9GfMt07ZcFmQDEic=
github.com/go-python/gopy v0.4.6/go.mod h1:tlA/KcD7rM8B+NQJR4SASwiinfKY0aiMFanHszR8BZA=
github.com/klauspost/compress v1.15.15 h1:EF27CXIuDsYJ6mmvtBRlEuB2UVOqHG1tAXgZ7yIO+lw=
github.com/klauspost/compress v1.15.15/go.mod h1:ZcK2JAFqKOpnBlxcLsJzYfrS9X1akm9fHZNnD9+Vo/4=
github.com/refraction-networking/utls v1.3.1 h1:3zVomUqx7nCmyGuU/6kYA/jp5NcqX8KQSGko8pY5Ch4=
github.com/refraction-networking/utls v1.3.1/go.mod h1:kHXvVB66a4BzVRYC4Em7e1HAfp7uwOCCw0+2CZ3sMY8=
golang.org/x/crypto v0.5.0 h1:U/0M97KRkSFvyD/3FSmdP5W5swImpNgle/EHFhOsQPE=
golang.org/x/crypto v0.5.0/go.mod h1:NK/OQwhpMQP3MwtdjgLlYHnH9ebylxKWv3e0fK+mkQU=
golang.org/x/sys v0.5.0 h1:MUK/U/4lj1t1oPg0HfuXDN/Z1wv31ZJ/YcPiGccS4DU=
golang.org/x/sys v0.5.0/go.mod h1:oPkhp1MJrh7nUepCBck5+mAzfO9JrbApNNgaTdGDITg=
